// !$*UTF8*$!
{
	archiveVersion = 1;
	classes = {
	};
	objectVersion = 77;
	objects = {

/* Begin PBXBuildFile section */
		EF18868E2D7DE7470008848D /* User+Extensions.swift in Sources */ = {isa = PBXBuildFile; fileRef = EF18868D2D7DE7470008848D /* User+Extensions.swift */; };
		EF1886902D7E11130008848D /* UserVesselPicker.swift in Sources */ = {isa = PBXBuildFile; fileRef = EF18868F2D7E11130008848D /* UserVesselPicker.swift */; };
		EF1886922D7EC8CC0008848D /* LoginStatus.swift in Sources */ = {isa = PBXBuildFile; fileRef = EF1886912D7EC8CC0008848D /* LoginStatus.swift */; };
		EF1DDEDB2D7F55E500DB25D6 /* Classification.swift in Sources */ = {isa = PBXBuildFile; fileRef = EF1DDEDA2D7F55E500DB25D6 /* Classification.swift */; };
		EF2C23152D7C52FA0067C899 /* UserSideView.swift in Sources */ = {isa = PBXBuildFile; fileRef = EF2C23142D7C52FA0067C899 /* UserSideView.swift */; };
		EF2C23172D7C5E600067C899 /* User+Samples.swift in Sources */ = {isa = PBXBuildFile; fileRef = EF2C23162D7C5E600067C899 /* User+Samples.swift */; };
		EF2C231D2D7CC2090067C899 /* UserStore.swift in Sources */ = {isa = PBXBuildFile; fileRef = EF2C231C2D7CC2090067C899 /* UserStore.swift */; };
		EF2C23202D7CC37B0067C899 /* UserListRow.swift in Sources */ = {isa = PBXBuildFile; fileRef = EF2C231E2D7CC37B0067C899 /* UserListRow.swift */; };
		EF2C23212D7CC37B0067C899 /* UsersListView.swift in Sources */ = {isa = PBXBuildFile; fileRef = EF2C231F2D7CC37B0067C899 /* UsersListView.swift */; };
		EF2C23232D7CC8460067C899 /* Image+FittedToHeight.swift in Sources */ = {isa = PBXBuildFile; fileRef = EF2C23222D7CC8460067C899 /* Image+FittedToHeight.swift */; };
		EF2C23292D7CE1080067C899 /* UserEditView.swift in Sources */ = {isa = PBXBuildFile; fileRef = EF2C23282D7CE1080067C899 /* UserEditView.swift */; };
		EF2C232C2D7D07B50067C899 /* Binding+Unwrap.swift in Sources */ = {isa = PBXBuildFile; fileRef = EF2C232B2D7D07B50067C899 /* Binding+Unwrap.swift */; };
		EF2C23362D7D13680067C899 /* VesselStore.swift in Sources */ = {isa = PBXBuildFile; fileRef = EF2C23352D7D13680067C899 /* VesselStore.swift */; };
		EF2C23382D7D15EA0067C899 /* VesselsListView.swift in Sources */ = {isa = PBXBuildFile; fileRef = EF2C23372D7D15EA0067C899 /* VesselsListView.swift */; };
		EF2C233A2D7D163B0067C899 /* VesselListRow.swift in Sources */ = {isa = PBXBuildFile; fileRef = EF2C23392D7D163B0067C899 /* VesselListRow.swift */; };
		EF2C233C2D7D16DD0067C899 /* Vessel+Samples.swift in Sources */ = {isa = PBXBuildFile; fileRef = EF2C233B2D7D16DD0067C899 /* Vessel+Samples.swift */; };
		EF2C233E2D7D1AE50067C899 /* VesselAddSheet.swift in Sources */ = {isa = PBXBuildFile; fileRef = EF2C233D2D7D1AE50067C899 /* VesselAddSheet.swift */; };
		EF4ED7A72D7B419F00DA39C1 /* InactiveUserView.swift in Sources */ = {isa = PBXBuildFile; fileRef = EF4ED7A62D7B419F00DA39C1 /* InactiveUserView.swift */; };
		EF4ED7A92D7B435C00DA39C1 /* SplitView.swift in Sources */ = {isa = PBXBuildFile; fileRef = EF4ED7A82D7B435C00DA39C1 /* SplitView.swift */; };
		EF4ED7AB2D7B43B900DA39C1 /* SidebarView.swift in Sources */ = {isa = PBXBuildFile; fileRef = EF4ED7AA2D7B43B900DA39C1 /* SidebarView.swift */; };
		EF4ED7AD2D7B44A500DA39C1 /* PreferencesManager.swift in Sources */ = {isa = PBXBuildFile; fileRef = EF4ED7AC2D7B44A500DA39C1 /* PreferencesManager.swift */; };
		EF4ED7AF2D7B470D00DA39C1 /* Scheme.swift in Sources */ = {isa = PBXBuildFile; fileRef = EF4ED7AE2D7B470D00DA39C1 /* Scheme.swift */; };
		EF4ED7B12D7B47EC00DA39C1 /* NavigationManager.swift in Sources */ = {isa = PBXBuildFile; fileRef = EF4ED7B02D7B47EC00DA39C1 /* NavigationManager.swift */; };
		EF4ED7B32D7B4AFD00DA39C1 /* Module.swift in Sources */ = {isa = PBXBuildFile; fileRef = EF4ED7B22D7B4AFD00DA39C1 /* Module.swift */; };
		EF4ED7B52D7B4B3300DA39C1 /* UnderConstructionView.swift in Sources */ = {isa = PBXBuildFile; fileRef = EF4ED7B42D7B4B3300DA39C1 /* UnderConstructionView.swift */; };
		EF4ED7BB2D7B4B7500DA39C1 /* RemoteConfigService.swift in Sources */ = {isa = PBXBuildFile; fileRef = EF4ED7B62D7B4B7500DA39C1 /* RemoteConfigService.swift */; };
		EF4ED7BC2D7B4B7500DA39C1 /* CompanyView.swift in Sources */ = {isa = PBXBuildFile; fileRef = EF4ED7B82D7B4B7500DA39C1 /* CompanyView.swift */; };
		EF4ED7BE2D7B4EE400DA39C1 /* Department.swift in Sources */ = {isa = PBXBuildFile; fileRef = EF4ED7BD2D7B4EE400DA39C1 /* Department.swift */; };
		EF4ED7C72D7B565100DA39C1 /* ExecutedChecklist.swift in Sources */ = {isa = PBXBuildFile; fileRef = EF4ED7C62D7B565100DA39C1 /* ExecutedChecklist.swift */; };
		EF4ED7C82D7B565100DA39C1 /* Checkline.swift in Sources */ = {isa = PBXBuildFile; fileRef = EF4ED7C32D7B565100DA39C1 /* Checkline.swift */; };
		EF4ED7C92D7B565100DA39C1 /* Checklist.swift in Sources */ = {isa = PBXBuildFile; fileRef = EF4ED7C52D7B565100DA39C1 /* Checklist.swift */; };
		EF4ED7CA2D7B565100DA39C1 /* Checklisft+Mock.swift in Sources */ = {isa = PBXBuildFile; fileRef = EF4ED7C42D7B565100DA39C1 /* Checklisft+Mock.swift */; };
		EF4ED7CC2D7B584F00DA39C1 /* LoremIpsum.swift in Sources */ = {isa = PBXBuildFile; fileRef = EF4ED7CB2D7B584F00DA39C1 /* LoremIpsum.swift */; };
		EF4ED7CE2D7B58A500DA39C1 /* ItemType.swift in Sources */ = {isa = PBXBuildFile; fileRef = EF4ED7CD2D7B58A500DA39C1 /* ItemType.swift */; };
		EF7E4D7A2D8579EC007CA0F0 /* User+Cando.swift in Sources */ = {isa = PBXBuildFile; fileRef = EF7E4D792D8579EC007CA0F0 /* User+Cando.swift */; };
		EF7E4D812D858505007CA0F0 /* AuthState.swift in Sources */ = {isa = PBXBuildFile; fileRef = EF7E4D802D858505007CA0F0 /* AuthState.swift */; };
		EF7E4D852D858770007CA0F0 /* Kingfisher in Frameworks */ = {isa = PBXBuildFile; productRef = EF7E4D842D858770007CA0F0 /* Kingfisher */; };
		EF7E4D872D8587A3007CA0F0 /* Avatar.swift in Sources */ = {isa = PBXBuildFile; fileRef = EF7E4D862D8587A3007CA0F0 /* Avatar.swift */; };
		EF87B3D42D80A67600A95625 /* LoadingView.swift in Sources */ = {isa = PBXBuildFile; fileRef = EF87B3D32D80A67600A95625 /* LoadingView.swift */; };
		EF9C83892D7D98AD000252CE /* VesselEditView.swift in Sources */ = {isa = PBXBuildFile; fileRef = EF9C83882D7D98AD000252CE /* VesselEditView.swift */; };
		EF9C838B2D7D9E4F000252CE /* YachtType.swift in Sources */ = {isa = PBXBuildFile; fileRef = EF9C838A2D7D9E4F000252CE /* YachtType.swift */; };
		EF9C838D2D7DBAE6000252CE /* AddUserSheet.swift in Sources */ = {isa = PBXBuildFile; fileRef = EF9C838C2D7DBAE6000252CE /* AddUserSheet.swift */; };
		EFA0F5772D7860BC00C71E79 /* Preview Assets.xcassets in Resources */ = {isa = PBXBuildFile; fileRef = EFA0F5712D7860BC00C71E79 /* Preview Assets.xcassets */; };
		EFA0F5782D7860BC00C71E79 /* Assets.xcassets in Resources */ = {isa = PBXBuildFile; fileRef = EFA0F5732D7860BC00C71E79 /* Assets.xcassets */; };
		EFA0F5792D7860BC00C71E79 /* ContentView.swift in Sources */ = {isa = PBXBuildFile; fileRef = EFA0F5742D7860BC00C71E79 /* ContentView.swift */; };
		EFA0F57A2D7860BC00C71E79 /* IsmConceptApp.swift in Sources */ = {isa = PBXBuildFile; fileRef = EFA0F5752D7860BC00C71E79 /* IsmConceptApp.swift */; };
		EFA0F5892D78615100C71E79 /* User.swift in Sources */ = {isa = PBXBuildFile; fileRef = EFA0F5882D78615100C71E79 /* User.swift */; };
		EFA0F58B2D7861BB00C71E79 /* Vessel.swift in Sources */ = {isa = PBXBuildFile; fileRef = EFA0F58A2D7861BB00C71E79 /* Vessel.swift */; };
		EFA0F58D2D7862C500C71E79 /* Flag.swift in Sources */ = {isa = PBXBuildFile; fileRef = EFA0F58C2D7862C500C71E79 /* Flag.swift */; };
		EFA0F5902D78644000C71E79 /* FirebaseAnalytics in Frameworks */ = {isa = PBXBuildFile; productRef = EFA0F58F2D78644000C71E79 /* FirebaseAnalytics */; };
		EFA0F5922D78644000C71E79 /* FirebaseAuth in Frameworks */ = {isa = PBXBuildFile; productRef = EFA0F5912D78644000C71E79 /* FirebaseAuth */; };
		EFA0F5942D78644000C71E79 /* FirebaseCore in Frameworks */ = {isa = PBXBuildFile; productRef = EFA0F5932D78644000C71E79 /* FirebaseCore */; };
		EFA0F5962D78644000C71E79 /* FirebaseFirestore in Frameworks */ = {isa = PBXBuildFile; productRef = EFA0F5952D78644000C71E79 /* FirebaseFirestore */; };
		EFA0F5982D78644000C71E79 /* FirebaseRemoteConfig in Frameworks */ = {isa = PBXBuildFile; productRef = EFA0F5972D78644000C71E79 /* FirebaseRemoteConfig */; };
		EFA0F59A2D78644000C71E79 /* FirebaseStorage in Frameworks */ = {isa = PBXBuildFile; productRef = EFA0F5992D78644000C71E79 /* FirebaseStorage */; };
		EFA0F59C2D78651100C71E79 /* UserRole.swift in Sources */ = {isa = PBXBuildFile; fileRef = EFA0F59B2D78651100C71E79 /* UserRole.swift */; };
		EFA0F59E2D7866F700C71E79 /* AuthService.swift in Sources */ = {isa = PBXBuildFile; fileRef = EFA0F59D2D7866F700C71E79 /* AuthService.swift */; };
		EFA0F5A52D78868B00C71E79 /* SignupView.swift in Sources */ = {isa = PBXBuildFile; fileRef = EFA0F5A42D78868B00C71E79 /* SignupView.swift */; };
		EFA0F5A62D78868B00C71E79 /* LoginView.swift in Sources */ = {isa = PBXBuildFile; fileRef = EFA0F5A32D78868B00C71E79 /* LoginView.swift */; };
		EFA0F5AA2D78930300C71E79 /* GoogleService-Info.plist in Resources */ = {isa = PBXBuildFile; fileRef = EFA0F5A92D78930300C71E79 /* GoogleService-Info.plist */; };
		EFBDFB7B2D80310200FB8922 /* DatabaseError.swift in Sources */ = {isa = PBXBuildFile; fileRef = EFBDFB7A2D80310200FB8922 /* DatabaseError.swift */; };
		EFBDFB7D2D80311C00FB8922 /* AuthError.swift in Sources */ = {isa = PBXBuildFile; fileRef = EFBDFB7C2D80311C00FB8922 /* AuthError.swift */; };
		EFCEB3222D8462B6006CB2DB /* AppManager.swift in Sources */ = {isa = PBXBuildFile; fileRef = EFCEB3212D8462B6006CB2DB /* AppManager.swift */; };
		EFDF6A742D78F306008457CE /* PasswordField.swift in Sources */ = {isa = PBXBuildFile; fileRef = EFDF6A732D78F306008457CE /* PasswordField.swift */; };
		EFDF6A762D78F32B008457CE /* SignInManager.swift in Sources */ = {isa = PBXBuildFile; fileRef = EFDF6A752D78F32B008457CE /* SignInManager.swift */; };
		EFDF6A782D78F54E008457CE /* SignupManager.swift in Sources */ = {isa = PBXBuildFile; fileRef = EFDF6A772D78F54E008457CE /* SignupManager.swift */; };
		EFDF6A7A2D78F74C008457CE /* TopLogoView.swift in Sources */ = {isa = PBXBuildFile; fileRef = EFDF6A792D78F74C008457CE /* TopLogoView.swift */; };
		EFDF6A7C2D78F966008457CE /* EmailField.swift in Sources */ = {isa = PBXBuildFile; fileRef = EFDF6A7B2D78F966008457CE /* EmailField.swift */; };
		EFDF6A7E2D78FA89008457CE /* LoginFocusField.swift in Sources */ = {isa = PBXBuildFile; fileRef = EFDF6A7D2D78FA89008457CE /* LoginFocusField.swift */; };
		EFDF6A822D790ED2008457CE /* FullNameField.swift in Sources */ = {isa = PBXBuildFile; fileRef = EFDF6A812D790ED2008457CE /* FullNameField.swift */; };
/* End PBXBuildFile section */

/* Begin PBXFileReference section */
		EF18868D2D7DE7470008848D /* User+Extensions.swift */ = {isa = PBXFileReference; lastKnownFileType = sourcecode.swift; path = "User+Extensions.swift"; sourceTree = "<group>"; };
		EF18868F2D7E11130008848D /* UserVesselPicker.swift */ = {isa = PBXFileReference; lastKnownFileType = sourcecode.swift; path = UserVesselPicker.swift; sourceTree = "<group>"; };
		EF1886912D7EC8CC0008848D /* LoginStatus.swift */ = {isa = PBXFileReference; lastKnownFileType = sourcecode.swift; path = LoginStatus.swift; sourceTree = "<group>"; };
		EF1DDEDA2D7F55E500DB25D6 /* Classification.swift */ = {isa = PBXFileReference; lastKnownFileType = sourcecode.swift; path = Classification.swift; sourceTree = "<group>"; };
		EF2C23142D7C52FA0067C899 /* UserSideView.swift */ = {isa = PBXFileReference; lastKnownFileType = sourcecode.swift; path = UserSideView.swift; sourceTree = "<group>"; };
		EF2C23162D7C5E600067C899 /* User+Samples.swift */ = {isa = PBXFileReference; lastKnownFileType = sourcecode.swift; path = "User+Samples.swift"; sourceTree = "<group>"; };
		EF2C231C2D7CC2090067C899 /* UserStore.swift */ = {isa = PBXFileReference; lastKnownFileType = sourcecode.swift; path = UserStore.swift; sourceTree = "<group>"; };
		EF2C231E2D7CC37B0067C899 /* UserListRow.swift */ = {isa = PBXFileReference; lastKnownFileType = sourcecode.swift; path = UserListRow.swift; sourceTree = "<group>"; };
		EF2C231F2D7CC37B0067C899 /* UsersListView.swift */ = {isa = PBXFileReference; lastKnownFileType = sourcecode.swift; path = UsersListView.swift; sourceTree = "<group>"; };
		EF2C23222D7CC8460067C899 /* Image+FittedToHeight.swift */ = {isa = PBXFileReference; lastKnownFileType = sourcecode.swift; path = "Image+FittedToHeight.swift"; sourceTree = "<group>"; };
		EF2C23282D7CE1080067C899 /* UserEditView.swift */ = {isa = PBXFileReference; lastKnownFileType = sourcecode.swift; path = UserEditView.swift; sourceTree = "<group>"; };
		EF2C232B2D7D07B50067C899 /* Binding+Unwrap.swift */ = {isa = PBXFileReference; lastKnownFileType = sourcecode.swift; path = "Binding+Unwrap.swift"; sourceTree = "<group>"; };
		EF2C23352D7D13680067C899 /* VesselStore.swift */ = {isa = PBXFileReference; lastKnownFileType = sourcecode.swift; path = VesselStore.swift; sourceTree = "<group>"; };
		EF2C23372D7D15EA0067C899 /* VesselsListView.swift */ = {isa = PBXFileReference; lastKnownFileType = sourcecode.swift; path = VesselsListView.swift; sourceTree = "<group>"; };
		EF2C23392D7D163B0067C899 /* VesselListRow.swift */ = {isa = PBXFileReference; lastKnownFileType = sourcecode.swift; path = VesselListRow.swift; sourceTree = "<group>"; };
		EF2C233B2D7D16DD0067C899 /* Vessel+Samples.swift */ = {isa = PBXFileReference; lastKnownFileType = sourcecode.swift; path = "Vessel+Samples.swift"; sourceTree = "<group>"; };
		EF2C233D2D7D1AE50067C899 /* VesselAddSheet.swift */ = {isa = PBXFileReference; lastKnownFileType = sourcecode.swift; path = VesselAddSheet.swift; sourceTree = "<group>"; };
		EF4ED7A62D7B419F00DA39C1 /* InactiveUserView.swift */ = {isa = PBXFileReference; lastKnownFileType = sourcecode.swift; path = InactiveUserView.swift; sourceTree = "<group>"; };
		EF4ED7A82D7B435C00DA39C1 /* SplitView.swift */ = {isa = PBXFileReference; lastKnownFileType = sourcecode.swift; path = SplitView.swift; sourceTree = "<group>"; };
		EF4ED7AA2D7B43B900DA39C1 /* SidebarView.swift */ = {isa = PBXFileReference; lastKnownFileType = sourcecode.swift; path = SidebarView.swift; sourceTree = "<group>"; };
		EF4ED7AC2D7B44A500DA39C1 /* PreferencesManager.swift */ = {isa = PBXFileReference; lastKnownFileType = sourcecode.swift; path = PreferencesManager.swift; sourceTree = "<group>"; };
		EF4ED7AE2D7B470D00DA39C1 /* Scheme.swift */ = {isa = PBXFileReference; lastKnownFileType = sourcecode.swift; path = Scheme.swift; sourceTree = "<group>"; };
		EF4ED7B02D7B47EC00DA39C1 /* NavigationManager.swift */ = {isa = PBXFileReference; lastKnownFileType = sourcecode.swift; path = NavigationManager.swift; sourceTree = "<group>"; };
		EF4ED7B22D7B4AFD00DA39C1 /* Module.swift */ = {isa = PBXFileReference; lastKnownFileType = sourcecode.swift; path = Module.swift; sourceTree = "<group>"; };
		EF4ED7B42D7B4B3300DA39C1 /* UnderConstructionView.swift */ = {isa = PBXFileReference; lastKnownFileType = sourcecode.swift; path = UnderConstructionView.swift; sourceTree = "<group>"; };
		EF4ED7B62D7B4B7500DA39C1 /* RemoteConfigService.swift */ = {isa = PBXFileReference; lastKnownFileType = sourcecode.swift; path = RemoteConfigService.swift; sourceTree = "<group>"; };
		EF4ED7B82D7B4B7500DA39C1 /* CompanyView.swift */ = {isa = PBXFileReference; lastKnownFileType = sourcecode.swift; path = CompanyView.swift; sourceTree = "<group>"; };
		EF4ED7BD2D7B4EE400DA39C1 /* Department.swift */ = {isa = PBXFileReference; lastKnownFileType = sourcecode.swift; path = Department.swift; sourceTree = "<group>"; };
		EF4ED7C32D7B565100DA39C1 /* Checkline.swift */ = {isa = PBXFileReference; lastKnownFileType = sourcecode.swift; path = Checkline.swift; sourceTree = "<group>"; };
		EF4ED7C42D7B565100DA39C1 /* Checklisft+Mock.swift */ = {isa = PBXFileReference; lastKnownFileType = sourcecode.swift; path = "Checklisft+Mock.swift"; sourceTree = "<group>"; };
		EF4ED7C52D7B565100DA39C1 /* Checklist.swift */ = {isa = PBXFileReference; lastKnownFileType = sourcecode.swift; path = Checklist.swift; sourceTree = "<group>"; };
		EF4ED7C62D7B565100DA39C1 /* ExecutedChecklist.swift */ = {isa = PBXFileReference; lastKnownFileType = sourcecode.swift; path = ExecutedChecklist.swift; sourceTree = "<group>"; };
		EF4ED7CB2D7B584F00DA39C1 /* LoremIpsum.swift */ = {isa = PBXFileReference; lastKnownFileType = sourcecode.swift; path = LoremIpsum.swift; sourceTree = "<group>"; };
		EF4ED7CD2D7B58A500DA39C1 /* ItemType.swift */ = {isa = PBXFileReference; lastKnownFileType = sourcecode.swift; path = ItemType.swift; sourceTree = "<group>"; };
		EF7E4D792D8579EC007CA0F0 /* User+Cando.swift */ = {isa = PBXFileReference; lastKnownFileType = sourcecode.swift; path = "User+Cando.swift"; sourceTree = "<group>"; };
		EF7E4D802D858505007CA0F0 /* AuthState.swift */ = {isa = PBXFileReference; lastKnownFileType = sourcecode.swift; path = AuthState.swift; sourceTree = "<group>"; };
		EF7E4D862D8587A3007CA0F0 /* Avatar.swift */ = {isa = PBXFileReference; lastKnownFileType = sourcecode.swift; path = Avatar.swift; sourceTree = "<group>"; };
		EF87B3D32D80A67600A95625 /* LoadingView.swift */ = {isa = PBXFileReference; lastKnownFileType = sourcecode.swift; path = LoadingView.swift; sourceTree = "<group>"; };
		EF9C83882D7D98AD000252CE /* VesselEditView.swift */ = {isa = PBXFileReference; lastKnownFileType = sourcecode.swift; path = VesselEditView.swift; sourceTree = "<group>"; };
		EF9C838A2D7D9E4F000252CE /* YachtType.swift */ = {isa = PBXFileReference; lastKnownFileType = sourcecode.swift; path = YachtType.swift; sourceTree = "<group>"; };
		EF9C838C2D7DBAE6000252CE /* AddUserSheet.swift */ = {isa = PBXFileReference; lastKnownFileType = sourcecode.swift; path = AddUserSheet.swift; sourceTree = "<group>"; };
		EFA0F5712D7860BC00C71E79 /* Preview Assets.xcassets */ = {isa = PBXFileReference; lastKnownFileType = folder.assetcatalog; path = "Preview Assets.xcassets"; sourceTree = "<group>"; };
		EFA0F5732D7860BC00C71E79 /* Assets.xcassets */ = {isa = PBXFileReference; lastKnownFileType = folder.assetcatalog; path = Assets.xcassets; sourceTree = "<group>"; };
		EFA0F5742D7860BC00C71E79 /* ContentView.swift */ = {isa = PBXFileReference; lastKnownFileType = sourcecode.swift; path = ContentView.swift; sourceTree = "<group>"; };
		EFA0F5752D7860BC00C71E79 /* IsmConceptApp.swift */ = {isa = PBXFileReference; lastKnownFileType = sourcecode.swift; path = IsmConceptApp.swift; sourceTree = "<group>"; };
		EFA0F5882D78615100C71E79 /* User.swift */ = {isa = PBXFileReference; lastKnownFileType = sourcecode.swift; path = User.swift; sourceTree = "<group>"; };
		EFA0F58A2D7861BB00C71E79 /* Vessel.swift */ = {isa = PBXFileReference; lastKnownFileType = sourcecode.swift; path = Vessel.swift; sourceTree = "<group>"; };
		EFA0F58C2D7862C500C71E79 /* Flag.swift */ = {isa = PBXFileReference; lastKnownFileType = sourcecode.swift; path = Flag.swift; sourceTree = "<group>"; };
		EFA0F59B2D78651100C71E79 /* UserRole.swift */ = {isa = PBXFileReference; lastKnownFileType = sourcecode.swift; path = UserRole.swift; sourceTree = "<group>"; };
		EFA0F59D2D7866F700C71E79 /* AuthService.swift */ = {isa = PBXFileReference; lastKnownFileType = sourcecode.swift; path = AuthService.swift; sourceTree = "<group>"; };
		EFA0F5A32D78868B00C71E79 /* LoginView.swift */ = {isa = PBXFileReference; lastKnownFileType = sourcecode.swift; path = LoginView.swift; sourceTree = "<group>"; };
		EFA0F5A42D78868B00C71E79 /* SignupView.swift */ = {isa = PBXFileReference; lastKnownFileType = sourcecode.swift; path = SignupView.swift; sourceTree = "<group>"; };
		EFA0F5A92D78930300C71E79 /* GoogleService-Info.plist */ = {isa = PBXFileReference; lastKnownFileType = text.plist.xml; path = "GoogleService-Info.plist"; sourceTree = "<group>"; };
		EFBDFB7A2D80310200FB8922 /* DatabaseError.swift */ = {isa = PBXFileReference; lastKnownFileType = sourcecode.swift; path = DatabaseError.swift; sourceTree = "<group>"; };
		EFBDFB7C2D80311C00FB8922 /* AuthError.swift */ = {isa = PBXFileReference; lastKnownFileType = sourcecode.swift; path = AuthError.swift; sourceTree = "<group>"; };
		EFCEB3212D8462B6006CB2DB /* AppManager.swift */ = {isa = PBXFileReference; lastKnownFileType = sourcecode.swift; path = AppManager.swift; sourceTree = "<group>"; };
		EFD12FBF2D785F4800DD25BC /* IsmConcept.app */ = {isa = PBXFileReference; explicitFileType = wrapper.application; includeInIndex = 0; path = IsmConcept.app; sourceTree = BUILT_PRODUCTS_DIR; };
		EFDF6A732D78F306008457CE /* PasswordField.swift */ = {isa = PBXFileReference; lastKnownFileType = sourcecode.swift; path = PasswordField.swift; sourceTree = "<group>"; };
		EFDF6A752D78F32B008457CE /* SignInManager.swift */ = {isa = PBXFileReference; lastKnownFileType = sourcecode.swift; path = SignInManager.swift; sourceTree = "<group>"; };
		EFDF6A772D78F54E008457CE /* SignupManager.swift */ = {isa = PBXFileReference; lastKnownFileType = sourcecode.swift; path = SignupManager.swift; sourceTree = "<group>"; };
		EFDF6A792D78F74C008457CE /* TopLogoView.swift */ = {isa = PBXFileReference; lastKnownFileType = sourcecode.swift; path = TopLogoView.swift; sourceTree = "<group>"; };
		EFDF6A7B2D78F966008457CE /* EmailField.swift */ = {isa = PBXFileReference; lastKnownFileType = sourcecode.swift; path = EmailField.swift; sourceTree = "<group>"; };
		EFDF6A7D2D78FA89008457CE /* LoginFocusField.swift */ = {isa = PBXFileReference; lastKnownFileType = sourcecode.swift; path = LoginFocusField.swift; sourceTree = "<group>"; };
		EFDF6A812D790ED2008457CE /* FullNameField.swift */ = {isa = PBXFileReference; lastKnownFileType = sourcecode.swift; path = FullNameField.swift; sourceTree = "<group>"; };
/* End PBXFileReference section */

/* Begin PBXFrameworksBuildPhase section */
		EFD12FBC2D785F4800DD25BC /* Frameworks */ = {
			isa = PBXFrameworksBuildPhase;
			buildActionMask = 2147483647;
			files = (
				EFA0F5902D78644000C71E79 /* FirebaseAnalytics in Frameworks */,
				EFA0F5962D78644000C71E79 /* FirebaseFirestore in Frameworks */,
				EF7E4D852D858770007CA0F0 /* Kingfisher in Frameworks */,
				EFA0F5942D78644000C71E79 /* FirebaseCore in Frameworks */,
				EFA0F5922D78644000C71E79 /* FirebaseAuth in Frameworks */,
				EFA0F5982D78644000C71E79 /* FirebaseRemoteConfig in Frameworks */,
				EFA0F59A2D78644000C71E79 /* FirebaseStorage in Frameworks */,
			);
			runOnlyForDeploymentPostprocessing = 0;
		};
/* End PBXFrameworksBuildPhase section */

/* Begin PBXGroup section */
		EF2C23182D7CC1AB0067C899 /* Users */ = {
			isa = PBXGroup;
			children = (
				EF2C231B2D7CC1D10067C899 /* Users */,
				EF2C231A2D7CC1C70067C899 /* Store */,
				EF2C23192D7CC1BF0067C899 /* Views */,
			);
			path = Users;
			sourceTree = "<group>";
		};
		EF2C23192D7CC1BF0067C899 /* Views */ = {
			isa = PBXGroup;
			children = (
				EF2C231F2D7CC37B0067C899 /* UsersListView.swift */,
				EF2C231E2D7CC37B0067C899 /* UserListRow.swift */,
				EF2C23282D7CE1080067C899 /* UserEditView.swift */,
				EF18868F2D7E11130008848D /* UserVesselPicker.swift */,
			);
			path = Views;
			sourceTree = "<group>";
		};
		EF2C231A2D7CC1C70067C899 /* Store */ = {
			isa = PBXGroup;
			children = (
				EF2C231C2D7CC2090067C899 /* UserStore.swift */,
			);
			path = Store;
			sourceTree = "<group>";
		};
		EF2C231B2D7CC1D10067C899 /* Users */ = {
			isa = PBXGroup;
			children = (
				EFA0F5882D78615100C71E79 /* User.swift */,
				EF18868D2D7DE7470008848D /* User+Extensions.swift */,
				EF7E4D792D8579EC007CA0F0 /* User+Cando.swift */,
				EF2C23162D7C5E600067C899 /* User+Samples.swift */,
				EFA0F59B2D78651100C71E79 /* UserRole.swift */,
			);
			path = Users;
			sourceTree = "<group>";
		};
		EF2C232D2D7D10280067C899 /* Vessels */ = {
			isa = PBXGroup;
			children = (
				EF2C23302D7D104D0067C899 /* Models */,
				EF2C232F2D7D10410067C899 /* Store */,
				EF2C232E2D7D103A0067C899 /* Views */,
			);
			path = Vessels;
			sourceTree = "<group>";
		};
		EF2C232E2D7D103A0067C899 /* Views */ = {
			isa = PBXGroup;
			children = (
				EF2C23372D7D15EA0067C899 /* VesselsListView.swift */,
				EF2C23392D7D163B0067C899 /* VesselListRow.swift */,
				EF2C233D2D7D1AE50067C899 /* VesselAddSheet.swift */,
				EF9C83882D7D98AD000252CE /* VesselEditView.swift */,
			);
			path = Views;
			sourceTree = "<group>";
		};
		EF2C232F2D7D10410067C899 /* Store */ = {
			isa = PBXGroup;
			children = (
				EF2C23352D7D13680067C899 /* VesselStore.swift */,
			);
			path = Store;
			sourceTree = "<group>";
		};
		EF2C23302D7D104D0067C899 /* Models */ = {
			isa = PBXGroup;
			children = (
				EFA0F58A2D7861BB00C71E79 /* Vessel.swift */,
				EF9C838A2D7D9E4F000252CE /* YachtType.swift */,
				EF2C233B2D7D16DD0067C899 /* Vessel+Samples.swift */,
				EFA0F58C2D7862C500C71E79 /* Flag.swift */,
				EF1DDEDA2D7F55E500DB25D6 /* Classification.swift */,
			);
			path = Models;
			sourceTree = "<group>";
		};
		EF4ED7B72D7B4B7500DA39C1 /* ViewModel */ = {
			isa = PBXGroup;
			children = (
				EF4ED7B62D7B4B7500DA39C1 /* RemoteConfigService.swift */,
			);
			path = ViewModel;
			sourceTree = "<group>";
		};
		EF4ED7B92D7B4B7500DA39C1 /* Views */ = {
			isa = PBXGroup;
			children = (
				EF4ED7B82D7B4B7500DA39C1 /* CompanyView.swift */,
			);
			path = Views;
			sourceTree = "<group>";
		};
		EF4ED7BA2D7B4B7500DA39C1 /* CompanyView */ = {
			isa = PBXGroup;
			children = (
				EF4ED7B72D7B4B7500DA39C1 /* ViewModel */,
				EF4ED7B92D7B4B7500DA39C1 /* Views */,
			);
			path = CompanyView;
			sourceTree = "<group>";
		};
		EF4ED7BF2D7B55ED00DA39C1 /* Checklists */ = {
			isa = PBXGroup;
			children = (
				EF4ED7C02D7B560100DA39C1 /* Models */,
				EF4ED7C12D7B560800DA39C1 /* Store */,
				EF4ED7C22D7B561500DA39C1 /* Views */,
			);
			path = Checklists;
			sourceTree = "<group>";
		};
		EF4ED7C02D7B560100DA39C1 /* Models */ = {
			isa = PBXGroup;
			children = (
				EF4ED7C52D7B565100DA39C1 /* Checklist.swift */,
				EF4ED7C32D7B565100DA39C1 /* Checkline.swift */,
				EF4ED7C62D7B565100DA39C1 /* ExecutedChecklist.swift */,
				EF4ED7C42D7B565100DA39C1 /* Checklisft+Mock.swift */,
			);
			path = Models;
			sourceTree = "<group>";
		};
		EF4ED7C12D7B560800DA39C1 /* Store */ = {
			isa = PBXGroup;
			children = (
			);
			path = Store;
			sourceTree = "<group>";
		};
		EF4ED7C22D7B561500DA39C1 /* Views */ = {
			isa = PBXGroup;
			children = (
			);
			path = Views;
			sourceTree = "<group>";
		};
		EF7E4D7B2D858480007CA0F0 /* Extensions */ = {
			isa = PBXGroup;
			children = (
				EF2C23222D7CC8460067C899 /* Image+FittedToHeight.swift */,
				EF2C232B2D7D07B50067C899 /* Binding+Unwrap.swift */,
			);
			path = Extensions;
			sourceTree = "<group>";
		};
		EF7E4D7D2D8584A6007CA0F0 /* Views */ = {
			isa = PBXGroup;
			children = (
				EF7E4D862D8587A3007CA0F0 /* Avatar.swift */,
			);
			path = Views;
			sourceTree = "<group>";
		};
		EF7E4D7E2D8584BA007CA0F0 /* Helpers */ = {
			isa = PBXGroup;
			children = (
				EF4ED7CB2D7B584F00DA39C1 /* LoremIpsum.swift */,
			);
			path = Helpers;
			sourceTree = "<group>";
		};
		EF7E4D7F2D8584E3007CA0F0 /* Enums */ = {
			isa = PBXGroup;
			children = (
				EF7E4D802D858505007CA0F0 /* AuthState.swift */,
				EF4ED7CD2D7B58A500DA39C1 /* ItemType.swift */,
			);
			path = Enums;
			sourceTree = "<group>";
		};
		EF7E4D822D858540007CA0F0 /* Configs */ = {
			isa = PBXGroup;
			children = (
				EFA0F5A92D78930300C71E79 /* GoogleService-Info.plist */,
			);
			path = Configs;
			sourceTree = "<group>";
		};
		EFA0F5722D7860BC00C71E79 /* Preview Content */ = {
			isa = PBXGroup;
			children = (
				EFA0F5712D7860BC00C71E79 /* Preview Assets.xcassets */,
			);
			path = "Preview Content";
			sourceTree = "<group>";
		};
		EFA0F5762D7860BC00C71E79 /* IsmConcept */ = {
			isa = PBXGroup;
			children = (
				EFA0F57D2D7860CD00C71E79 /* App */,
				EFA0F57E2D7860D000C71E79 /* Modules */,
				EFA0F57C2D7860C900C71E79 /* Utilities */,
				EF7E4D822D858540007CA0F0 /* Configs */,
				EFA0F5722D7860BC00C71E79 /* Preview Content */,
				EFA0F5732D7860BC00C71E79 /* Assets.xcassets */,
			);
			path = IsmConcept;
			sourceTree = "<group>";
		};
		EFA0F57C2D7860C900C71E79 /* Utilities */ = {
			isa = PBXGroup;
			children = (
				EF7E4D7F2D8584E3007CA0F0 /* Enums */,
				EF7E4D7D2D8584A6007CA0F0 /* Views */,
				EF7E4D7E2D8584BA007CA0F0 /* Helpers */,
				EF7E4D7B2D858480007CA0F0 /* Extensions */,
			);
			path = Utilities;
			sourceTree = "<group>";
		};
		EFA0F57D2D7860CD00C71E79 /* App */ = {
			isa = PBXGroup;
			children = (
				EFA0F5752D7860BC00C71E79 /* IsmConceptApp.swift */,
			);
			path = App;
			sourceTree = "<group>";
		};
		EFA0F57E2D7860D000C71E79 /* Modules */ = {
			isa = PBXGroup;
			children = (
				EFA0F5842D78612900C71E79 /* Auth */,
				EFA0F5802D78610300C71E79 /* Navigation */,
				EF4ED7BA2D7B4B7500DA39C1 /* CompanyView */,
				EF4ED7BF2D7B55ED00DA39C1 /* Checklists */,
				EF2C232D2D7D10280067C899 /* Vessels */,
				EF2C23182D7CC1AB0067C899 /* Users */,
				EFA0F59F2D787F2A00C71E79 /* Settings */,
			);
			path = Modules;
			sourceTree = "<group>";
		};
		EFA0F5802D78610300C71E79 /* Navigation */ = {
			isa = PBXGroup;
			children = (
				EFA0F5832D78612100C71E79 /* Models */,
				EFA0F5822D78611800C71E79 /* Managers */,
				EFA0F5812D78610C00C71E79 /* Views */,
			);
			path = Navigation;
			sourceTree = "<group>";
		};
		EFA0F5812D78610C00C71E79 /* Views */ = {
			isa = PBXGroup;
			children = (
				EFA0F5742D7860BC00C71E79 /* ContentView.swift */,
				EF4ED7A62D7B419F00DA39C1 /* InactiveUserView.swift */,
				EF4ED7A82D7B435C00DA39C1 /* SplitView.swift */,
				EF87B3D32D80A67600A95625 /* LoadingView.swift */,
				EF4ED7AA2D7B43B900DA39C1 /* SidebarView.swift */,
				EF2C23142D7C52FA0067C899 /* UserSideView.swift */,
				EF4ED7B42D7B4B3300DA39C1 /* UnderConstructionView.swift */,
			);
			path = Views;
			sourceTree = "<group>";
		};
		EFA0F5822D78611800C71E79 /* Managers */ = {
			isa = PBXGroup;
			children = (
				EF4ED7AC2D7B44A500DA39C1 /* PreferencesManager.swift */,
				EF4ED7B02D7B47EC00DA39C1 /* NavigationManager.swift */,
			);
			path = Managers;
			sourceTree = "<group>";
		};
		EFA0F5832D78612100C71E79 /* Models */ = {
			isa = PBXGroup;
			children = (
				EF4ED7BD2D7B4EE400DA39C1 /* Department.swift */,
				EF4ED7B22D7B4AFD00DA39C1 /* Module.swift */,
				EF4ED7AE2D7B470D00DA39C1 /* Scheme.swift */,
			);
			path = Models;
			sourceTree = "<group>";
		};
		EFA0F5842D78612900C71E79 /* Auth */ = {
			isa = PBXGroup;
			children = (
				EFA0F5872D78614400C71E79 /* Models */,
				EFA0F5862D78613B00C71E79 /* Managers */,
				EFA0F5852D78613500C71E79 /* Views */,
			);
			path = Auth;
			sourceTree = "<group>";
		};
		EFA0F5852D78613500C71E79 /* Views */ = {
			isa = PBXGroup;
			children = (
				EFA0F5A32D78868B00C71E79 /* LoginView.swift */,
				EFA0F5A42D78868B00C71E79 /* SignupView.swift */,
				EF9C838C2D7DBAE6000252CE /* AddUserSheet.swift */,
				EFDF6A792D78F74C008457CE /* TopLogoView.swift */,
				EFDF6A7B2D78F966008457CE /* EmailField.swift */,
				EFDF6A732D78F306008457CE /* PasswordField.swift */,
				EFDF6A812D790ED2008457CE /* FullNameField.swift */,
			);
			path = Views;
			sourceTree = "<group>";
		};
		EFA0F5862D78613B00C71E79 /* Managers */ = {
			isa = PBXGroup;
			children = (
				EFCEB3212D8462B6006CB2DB /* AppManager.swift */,
				EFA0F59D2D7866F700C71E79 /* AuthService.swift */,
				EFDF6A752D78F32B008457CE /* SignInManager.swift */,
				EFDF6A772D78F54E008457CE /* SignupManager.swift */,
			);
			path = Managers;
			sourceTree = "<group>";
		};
		EFA0F5872D78614400C71E79 /* Models */ = {
			isa = PBXGroup;
			children = (
				EFBDFB7A2D80310200FB8922 /* DatabaseError.swift */,
				EFBDFB7C2D80311C00FB8922 /* AuthError.swift */,
				EFDF6A7D2D78FA89008457CE /* LoginFocusField.swift */,
				EF1886912D7EC8CC0008848D /* LoginStatus.swift */,
			);
			path = Models;
			sourceTree = "<group>";
		};
		EFA0F59F2D787F2A00C71E79 /* Settings */ = {
			isa = PBXGroup;
			children = (
				EFA0F5A02D787F4500C71E79 /* Models */,
				EFA0F5A12D787F5200C71E79 /* Store */,
				EFA0F5A22D787F6400C71E79 /* Views */,
			);
			path = Settings;
			sourceTree = "<group>";
		};
		EFA0F5A02D787F4500C71E79 /* Models */ = {
			isa = PBXGroup;
			children = (
			);
			path = Models;
			sourceTree = "<group>";
		};
		EFA0F5A12D787F5200C71E79 /* Store */ = {
			isa = PBXGroup;
			children = (
			);
			path = Store;
			sourceTree = "<group>";
		};
		EFA0F5A22D787F6400C71E79 /* Views */ = {
			isa = PBXGroup;
			children = (
			);
			path = Views;
			sourceTree = "<group>";
		};
		EFD12FB62D785F4800DD25BC = {
			isa = PBXGroup;
			children = (
				EFA0F5762D7860BC00C71E79 /* IsmConcept */,
				EFD12FC02D785F4800DD25BC /* Products */,
			);
			sourceTree = "<group>";
		};
		EFD12FC02D785F4800DD25BC /* Products */ = {
			isa = PBXGroup;
			children = (
				EFD12FBF2D785F4800DD25BC /* IsmConcept.app */,
			);
			name = Products;
			sourceTree = "<group>";
		};
/* End PBXGroup section */

/* Begin PBXNativeTarget section */
		EFD12FBE2D785F4800DD25BC /* IsmConcept */ = {
			isa = PBXNativeTarget;
			buildConfigurationList = EFD12FCD2D785F4900DD25BC /* Build configuration list for PBXNativeTarget "IsmConcept" */;
			buildPhases = (
				EFD12FBB2D785F4800DD25BC /* Sources */,
				EFD12FBC2D785F4800DD25BC /* Frameworks */,
				EFD12FBD2D785F4800DD25BC /* Resources */,
			);
			buildRules = (
			);
			dependencies = (
			);
			name = IsmConcept;
			packageProductDependencies = (
				EFA0F58F2D78644000C71E79 /* FirebaseAnalytics */,
				EFA0F5912D78644000C71E79 /* FirebaseAuth */,
				EFA0F5932D78644000C71E79 /* FirebaseCore */,
				EFA0F5952D78644000C71E79 /* FirebaseFirestore */,
				EFA0F5972D78644000C71E79 /* FirebaseRemoteConfig */,
				EFA0F5992D78644000C71E79 /* FirebaseStorage */,
				EF7E4D842D858770007CA0F0 /* Kingfisher */,
			);
			productName = IsmConcept;
			productReference = EFD12FBF2D785F4800DD25BC /* IsmConcept.app */;
			productType = "com.apple.product-type.application";
		};
/* End PBXNativeTarget section */

/* Begin PBXProject section */
		EFD12FB72D785F4800DD25BC /* Project object */ = {
			isa = PBXProject;
			attributes = {
				BuildIndependentTargetsInParallel = 1;
				LastSwiftUpdateCheck = 1620;
				LastUpgradeCheck = 1620;
				TargetAttributes = {
					EFD12FBE2D785F4800DD25BC = {
						CreatedOnToolsVersion = 16.2;
					};
				};
			};
			buildConfigurationList = EFD12FBA2D785F4800DD25BC /* Build configuration list for PBXProject "IsmConcept" */;
			developmentRegion = en;
			hasScannedForEncodings = 0;
			knownRegions = (
				en,
				Base,
			);
			mainGroup = EFD12FB62D785F4800DD25BC;
			minimizedProjectReferenceProxies = 1;
			packageReferences = (
				EFA0F58E2D78644000C71E79 /* XCRemoteSwiftPackageReference "firebase-ios-sdk" */,
				EF7E4D832D858770007CA0F0 /* XCRemoteSwiftPackageReference "Kingfisher" */,
			);
			preferredProjectObjectVersion = 77;
			productRefGroup = EFD12FC02D785F4800DD25BC /* Products */;
			projectDirPath = "";
			projectRoot = "";
			targets = (
				EFD12FBE2D785F4800DD25BC /* IsmConcept */,
			);
		};
/* End PBXProject section */

/* Begin PBXResourcesBuildPhase section */
		EFD12FBD2D785F4800DD25BC /* Resources */ = {
			isa = PBXResourcesBuildPhase;
			buildActionMask = 2147483647;
			files = (
				EFA0F5772D7860BC00C71E79 /* Preview Assets.xcassets in Resources */,
				EFA0F5782D7860BC00C71E79 /* Assets.xcassets in Resources */,
				EFA0F5AA2D78930300C71E79 /* GoogleService-Info.plist in Resources */,
			);
			runOnlyForDeploymentPostprocessing = 0;
		};
/* End PBXResourcesBuildPhase section */

/* Begin PBXSourcesBuildPhase section */
		EFD12FBB2D785F4800DD25BC /* Sources */ = {
			isa = PBXSourcesBuildPhase;
			buildActionMask = 2147483647;
			files = (
				EF18868E2D7DE7470008848D /* User+Extensions.swift in Sources */,
				EFCEB3222D8462B6006CB2DB /* AppManager.swift in Sources */,
				EF2C23172D7C5E600067C899 /* User+Samples.swift in Sources */,
				EFDF6A7E2D78FA89008457CE /* LoginFocusField.swift in Sources */,
				EF9C83892D7D98AD000252CE /* VesselEditView.swift in Sources */,
				EFA0F59C2D78651100C71E79 /* UserRole.swift in Sources */,
				EF7E4D872D8587A3007CA0F0 /* Avatar.swift in Sources */,
				EF4ED7AD2D7B44A500DA39C1 /* PreferencesManager.swift in Sources */,
				EFA0F5792D7860BC00C71E79 /* ContentView.swift in Sources */,
				EF87B3D42D80A67600A95625 /* LoadingView.swift in Sources */,
				EF4ED7B32D7B4AFD00DA39C1 /* Module.swift in Sources */,
				EF4ED7A72D7B419F00DA39C1 /* InactiveUserView.swift in Sources */,
				EFA0F5A52D78868B00C71E79 /* SignupView.swift in Sources */,
				EF2C23362D7D13680067C899 /* VesselStore.swift in Sources */,
				EFDF6A742D78F306008457CE /* PasswordField.swift in Sources */,
				EF2C23382D7D15EA0067C899 /* VesselsListView.swift in Sources */,
				EFA0F5A62D78868B00C71E79 /* LoginView.swift in Sources */,
				EF4ED7B12D7B47EC00DA39C1 /* NavigationManager.swift in Sources */,
				EF1886922D7EC8CC0008848D /* LoginStatus.swift in Sources */,
				EF7E4D7A2D8579EC007CA0F0 /* User+Cando.swift in Sources */,
				EFBDFB7B2D80310200FB8922 /* DatabaseError.swift in Sources */,
				EFA0F58B2D7861BB00C71E79 /* Vessel.swift in Sources */,
				EF9C838D2D7DBAE6000252CE /* AddUserSheet.swift in Sources */,
				EFBDFB7D2D80311C00FB8922 /* AuthError.swift in Sources */,
				EF2C233A2D7D163B0067C899 /* VesselListRow.swift in Sources */,
				EFA0F58D2D7862C500C71E79 /* Flag.swift in Sources */,
				EF2C23292D7CE1080067C899 /* UserEditView.swift in Sources */,
				EF4ED7CC2D7B584F00DA39C1 /* LoremIpsum.swift in Sources */,
				EF4ED7BB2D7B4B7500DA39C1 /* RemoteConfigService.swift in Sources */,
				EF2C23152D7C52FA0067C899 /* UserSideView.swift in Sources */,
				EF4ED7BC2D7B4B7500DA39C1 /* CompanyView.swift in Sources */,
				EF4ED7CE2D7B58A500DA39C1 /* ItemType.swift in Sources */,
				EFDF6A762D78F32B008457CE /* SignInManager.swift in Sources */,
				EFA0F57A2D7860BC00C71E79 /* IsmConceptApp.swift in Sources */,
				EFA0F5892D78615100C71E79 /* User.swift in Sources */,
				EF4ED7AF2D7B470D00DA39C1 /* Scheme.swift in Sources */,
				EF4ED7BE2D7B4EE400DA39C1 /* Department.swift in Sources */,
				EFDF6A822D790ED2008457CE /* FullNameField.swift in Sources */,
				EF4ED7B52D7B4B3300DA39C1 /* UnderConstructionView.swift in Sources */,
				EF4ED7C72D7B565100DA39C1 /* ExecutedChecklist.swift in Sources */,
				EF7E4D812D858505007CA0F0 /* AuthState.swift in Sources */,
				EF4ED7C82D7B565100DA39C1 /* Checkline.swift in Sources */,
				EF4ED7C92D7B565100DA39C1 /* Checklist.swift in Sources */,
				EF2C231D2D7CC2090067C899 /* UserStore.swift in Sources */,
				EF4ED7CA2D7B565100DA39C1 /* Checklisft+Mock.swift in Sources */,
				EFDF6A7A2D78F74C008457CE /* TopLogoView.swift in Sources */,
				EF4ED7A92D7B435C00DA39C1 /* SplitView.swift in Sources */,
				EF2C233C2D7D16DD0067C899 /* Vessel+Samples.swift in Sources */,
				EF1DDEDB2D7F55E500DB25D6 /* Classification.swift in Sources */,
				EF1886902D7E11130008848D /* UserVesselPicker.swift in Sources */,
				EFDF6A7C2D78F966008457CE /* EmailField.swift in Sources */,
				EF4ED7AB2D7B43B900DA39C1 /* SidebarView.swift in Sources */,
				EFA0F59E2D7866F700C71E79 /* AuthService.swift in Sources */,
				EF2C23202D7CC37B0067C899 /* UserListRow.swift in Sources */,
				EF2C23212D7CC37B0067C899 /* UsersListView.swift in Sources */,
				EF9C838B2D7D9E4F000252CE /* YachtType.swift in Sources */,
				EFDF6A782D78F54E008457CE /* SignupManager.swift in Sources */,
				EF2C232C2D7D07B50067C899 /* Binding+Unwrap.swift in Sources */,
				EF2C23232D7CC8460067C899 /* Image+FittedToHeight.swift in Sources */,
				EF2C233E2D7D1AE50067C899 /* VesselAddSheet.swift in Sources */,
			);
			runOnlyForDeploymentPostprocessing = 0;
		};
/* End PBXSourcesBuildPhase section */

/* Begin XCBuildConfiguration section */
		EFD12FCB2D785F4900DD25BC /* Debug */ = {
			isa = XCBuildConfiguration;
			buildSettings = {
				ALWAYS_SEARCH_USER_PATHS = NO;
				ASSETCATALOG_COMPILER_GENERATE_SWIFT_ASSET_SYMBOL_EXTENSIONS = YES;
				CLANG_ANALYZER_NONNULL = YES;
				CLANG_ANALYZER_NUMBER_OBJECT_CONVERSION = YES_AGGRESSIVE;
				CLANG_CXX_LANGUAGE_STANDARD = "gnu++20";
				CLANG_ENABLE_MODULES = YES;
				CLANG_ENABLE_OBJC_ARC = YES;
				CLANG_ENABLE_OBJC_WEAK = YES;
				CLANG_WARN_BLOCK_CAPTURE_AUTORELEASING = YES;
				CLANG_WARN_BOOL_CONVERSION = YES;
				CLANG_WARN_COMMA = YES;
				CLANG_WARN_CONSTANT_CONVERSION = YES;
				CLANG_WARN_DEPRECATED_OBJC_IMPLEMENTATIONS = YES;
				CLANG_WARN_DIRECT_OBJC_ISA_USAGE = YES_ERROR;
				CLANG_WARN_DOCUMENTATION_COMMENTS = YES;
				CLANG_WARN_EMPTY_BODY = YES;
				CLANG_WARN_ENUM_CONVERSION = YES;
				CLANG_WARN_INFINITE_RECURSION = YES;
				CLANG_WARN_INT_CONVERSION = YES;
				CLANG_WARN_NON_LITERAL_NULL_CONVERSION = YES;
				CLANG_WARN_OBJC_IMPLICIT_RETAIN_SELF = YES;
				CLANG_WARN_OBJC_LITERAL_CONVERSION = YES;
				CLANG_WARN_OBJC_ROOT_CLASS = YES_ERROR;
				CLANG_WARN_QUOTED_INCLUDE_IN_FRAMEWORK_HEADER = YES;
				CLANG_WARN_RANGE_LOOP_ANALYSIS = YES;
				CLANG_WARN_STRICT_PROTOTYPES = YES;
				CLANG_WARN_SUSPICIOUS_MOVE = YES;
				CLANG_WARN_UNGUARDED_AVAILABILITY = YES_AGGRESSIVE;
				CLANG_WARN_UNREACHABLE_CODE = YES;
				CLANG_WARN__DUPLICATE_METHOD_MATCH = YES;
				COPY_PHASE_STRIP = NO;
				DEBUG_INFORMATION_FORMAT = dwarf;
				ENABLE_STRICT_OBJC_MSGSEND = YES;
				ENABLE_TESTABILITY = YES;
				ENABLE_USER_SCRIPT_SANDBOXING = YES;
				GCC_C_LANGUAGE_STANDARD = gnu17;
				GCC_DYNAMIC_NO_PIC = NO;
				GCC_NO_COMMON_BLOCKS = YES;
				GCC_OPTIMIZATION_LEVEL = 0;
				GCC_PREPROCESSOR_DEFINITIONS = (
					"DEBUG=1",
					"$(inherited)",
				);
				GCC_WARN_64_TO_32_BIT_CONVERSION = YES;
				GCC_WARN_ABOUT_RETURN_TYPE = YES_ERROR;
				GCC_WARN_UNDECLARED_SELECTOR = YES;
				GCC_WARN_UNINITIALIZED_AUTOS = YES_AGGRESSIVE;
				GCC_WARN_UNUSED_FUNCTION = YES;
				GCC_WARN_UNUSED_VARIABLE = YES;
				IPHONEOS_DEPLOYMENT_TARGET = 18.2;
				LOCALIZATION_PREFERS_STRING_CATALOGS = YES;
				MTL_ENABLE_DEBUG_INFO = INCLUDE_SOURCE;
				MTL_FAST_MATH = YES;
				ONLY_ACTIVE_ARCH = YES;
				SDKROOT = iphoneos;
				SWIFT_ACTIVE_COMPILATION_CONDITIONS = "DEBUG $(inherited)";
				SWIFT_OPTIMIZATION_LEVEL = "-Onone";
			};
			name = Debug;
		};
		EFD12FCC2D785F4900DD25BC /* Release */ = {
			isa = XCBuildConfiguration;
			buildSettings = {
				ALWAYS_SEARCH_USER_PATHS = NO;
				ASSETCATALOG_COMPILER_GENERATE_SWIFT_ASSET_SYMBOL_EXTENSIONS = YES;
				CLANG_ANALYZER_NONNULL = YES;
				CLANG_ANALYZER_NUMBER_OBJECT_CONVERSION = YES_AGGRESSIVE;
				CLANG_CXX_LANGUAGE_STANDARD = "gnu++20";
				CLANG_ENABLE_MODULES = YES;
				CLANG_ENABLE_OBJC_ARC = YES;
				CLANG_ENABLE_OBJC_WEAK = YES;
				CLANG_WARN_BLOCK_CAPTURE_AUTORELEASING = YES;
				CLANG_WARN_BOOL_CONVERSION = YES;
				CLANG_WARN_COMMA = YES;
				CLANG_WARN_CONSTANT_CONVERSION = YES;
				CLANG_WARN_DEPRECATED_OBJC_IMPLEMENTATIONS = YES;
				CLANG_WARN_DIRECT_OBJC_ISA_USAGE = YES_ERROR;
				CLANG_WARN_DOCUMENTATION_COMMENTS = YES;
				CLANG_WARN_EMPTY_BODY = YES;
				CLANG_WARN_ENUM_CONVERSION = YES;
				CLANG_WARN_INFINITE_RECURSION = YES;
				CLANG_WARN_INT_CONVERSION = YES;
				CLANG_WARN_NON_LITERAL_NULL_CONVERSION = YES;
				CLANG_WARN_OBJC_IMPLICIT_RETAIN_SELF = YES;
				CLANG_WARN_OBJC_LITERAL_CONVERSION = YES;
				CLANG_WARN_OBJC_ROOT_CLASS = YES_ERROR;
				CLANG_WARN_QUOTED_INCLUDE_IN_FRAMEWORK_HEADER = YES;
				CLANG_WARN_RANGE_LOOP_ANALYSIS = YES;
				CLANG_WARN_STRICT_PROTOTYPES = YES;
				CLANG_WARN_SUSPICIOUS_MOVE = YES;
				CLANG_WARN_UNGUARDED_AVAILABILITY = YES_AGGRESSIVE;
				CLANG_WARN_UNREACHABLE_CODE = YES;
				CLANG_WARN__DUPLICATE_METHOD_MATCH = YES;
				COPY_PHASE_STRIP = NO;
				DEBUG_INFORMATION_FORMAT = "dwarf-with-dsym";
				ENABLE_NS_ASSERTIONS = NO;
				ENABLE_STRICT_OBJC_MSGSEND = YES;
				ENABLE_USER_SCRIPT_SANDBOXING = YES;
				GCC_C_LANGUAGE_STANDARD = gnu17;
				GCC_NO_COMMON_BLOCKS = YES;
				GCC_WARN_64_TO_32_BIT_CONVERSION = YES;
				GCC_WARN_ABOUT_RETURN_TYPE = YES_ERROR;
				GCC_WARN_UNDECLARED_SELECTOR = YES;
				GCC_WARN_UNINITIALIZED_AUTOS = YES_AGGRESSIVE;
				GCC_WARN_UNUSED_FUNCTION = YES;
				GCC_WARN_UNUSED_VARIABLE = YES;
				IPHONEOS_DEPLOYMENT_TARGET = 18.2;
				LOCALIZATION_PREFERS_STRING_CATALOGS = YES;
				MTL_ENABLE_DEBUG_INFO = NO;
				MTL_FAST_MATH = YES;
				SDKROOT = iphoneos;
				SWIFT_COMPILATION_MODE = wholemodule;
				VALIDATE_PRODUCT = YES;
			};
			name = Release;
		};
		EFD12FCE2D785F4900DD25BC /* Debug */ = {
			isa = XCBuildConfiguration;
			buildSettings = {
				ASSETCATALOG_COMPILER_APPICON_NAME = AppIcon;
				ASSETCATALOG_COMPILER_GLOBAL_ACCENT_COLOR_NAME = AccentColor;
				CODE_SIGN_STYLE = Automatic;
				CURRENT_PROJECT_VERSION = 1;
				DEVELOPMENT_ASSET_PATHS = "\"IsmConcept/Preview Content\"";
				DEVELOPMENT_TEAM = AFN965WVDV;
				ENABLE_PREVIEWS = YES;
				GENERATE_INFOPLIST_FILE = YES;
				INFOPLIST_KEY_UIApplicationSceneManifest_Generation = YES;
				INFOPLIST_KEY_UIApplicationSupportsIndirectInputEvents = YES;
				INFOPLIST_KEY_UILaunchScreen_Generation = YES;
				INFOPLIST_KEY_UISupportedInterfaceOrientations_iPad = "UIInterfaceOrientationPortrait UIInterfaceOrientationPortraitUpsideDown UIInterfaceOrientationLandscapeLeft UIInterfaceOrientationLandscapeRight";
				INFOPLIST_KEY_UISupportedInterfaceOrientations_iPhone = "UIInterfaceOrientationPortrait UIInterfaceOrientationLandscapeLeft UIInterfaceOrientationLandscapeRight";
				IPHONEOS_DEPLOYMENT_TARGET = 17.0;
				LD_RUNPATH_SEARCH_PATHS = (
					"$(inherited)",
					"@executable_path/Frameworks",
				);
				MARKETING_VERSION = 0.2;
				PRODUCT_BUNDLE_IDENTIFIER = Net.Silex.IsmConcept;
				PRODUCT_NAME = "$(TARGET_NAME)";
				SUPPORTED_PLATFORMS = "iphoneos iphonesimulator";
				SUPPORTS_MACCATALYST = NO;
				SUPPORTS_XR_DESIGNED_FOR_IPHONE_IPAD = NO;
				SWIFT_EMIT_LOC_STRINGS = YES;
				SWIFT_VERSION = 5.0;
				TARGETED_DEVICE_FAMILY = "1,2";
			};
			name = Debug;
		};
		EFD12FCF2D785F4900DD25BC /* Release */ = {
			isa = XCBuildConfiguration;
			buildSettings = {
				ASSETCATALOG_COMPILER_APPICON_NAME = AppIcon;
				ASSETCATALOG_COMPILER_GLOBAL_ACCENT_COLOR_NAME = AccentColor;
				CODE_SIGN_STYLE = Automatic;
				CURRENT_PROJECT_VERSION = 1;
				DEVELOPMENT_ASSET_PATHS = "\"IsmConcept/Preview Content\"";
				DEVELOPMENT_TEAM = AFN965WVDV;
				ENABLE_PREVIEWS = YES;
				GENERATE_INFOPLIST_FILE = YES;
				INFOPLIST_KEY_UIApplicationSceneManifest_Generation = YES;
				INFOPLIST_KEY_UIApplicationSupportsIndirectInputEvents = YES;
				INFOPLIST_KEY_UILaunchScreen_Generation = YES;
				INFOPLIST_KEY_UISupportedInterfaceOrientations_iPad = "UIInterfaceOrientationPortrait UIInterfaceOrientationPortraitUpsideDown UIInterfaceOrientationLandscapeLeft UIInterfaceOrientationLandscapeRight";
				INFOPLIST_KEY_UISupportedInterfaceOrientations_iPhone = "UIInterfaceOrientationPortrait UIInterfaceOrientationLandscapeLeft UIInterfaceOrientationLandscapeRight";
				IPHONEOS_DEPLOYMENT_TARGET = 17.0;
				LD_RUNPATH_SEARCH_PATHS = (
					"$(inherited)",
					"@executable_path/Frameworks",
				);
				MARKETING_VERSION = 0.2;
				PRODUCT_BUNDLE_IDENTIFIER = Net.Silex.IsmConcept;
				PRODUCT_NAME = "$(TARGET_NAME)";
				SUPPORTED_PLATFORMS = "iphoneos iphonesimulator";
				SUPPORTS_MACCATALYST = NO;
				SUPPORTS_XR_DESIGNED_FOR_IPHONE_IPAD = NO;
				SWIFT_EMIT_LOC_STRINGS = YES;
				SWIFT_VERSION = 5.0;
				TARGETED_DEVICE_FAMILY = "1,2";
			};
			name = Release;
		};
/* End XCBuildConfiguration section */

/* Begin XCConfigurationList section */
		EFD12FBA2D785F4800DD25BC /* Build configuration list for PBXProject "IsmConcept" */ = {
			isa = XCConfigurationList;
			buildConfigurations = (
				EFD12FCB2D785F4900DD25BC /* Debug */,
				EFD12FCC2D785F4900DD25BC /* Release */,
			);
			defaultConfigurationIsVisible = 0;
			defaultConfigurationName = Release;
		};
		EFD12FCD2D785F4900DD25BC /* Build configuration list for PBXNativeTarget "IsmConcept" */ = {
			isa = XCConfigurationList;
			buildConfigurations = (
				EFD12FCE2D785F4900DD25BC /* Debug */,
				EFD12FCF2D785F4900DD25BC /* Release */,
			);
			defaultConfigurationIsVisible = 0;
			defaultConfigurationName = Release;
		};
/* End XCConfigurationList section */

/* Begin XCRemoteSwiftPackageReference section */
		EF7E4D832D858770007CA0F0 /* XCRemoteSwiftPackageReference "Kingfisher" */ = {
			isa = XCRemoteSwiftPackageReference;
			repositoryURL = "https://github.com/onevcat/Kingfisher.git";
			requirement = {
				kind = upToNextMajorVersion;
				minimumVersion = 8.3.1;
			};
		};
		EFA0F58E2D78644000C71E79 /* XCRemoteSwiftPackageReference "firebase-ios-sdk" */ = {
			isa = XCRemoteSwiftPackageReference;
			repositoryURL = "https://github.com/firebase/firebase-ios-sdk.git";
			requirement = {
				kind = upToNextMajorVersion;
				minimumVersion = 11.9.0;
			};
		};
/* End XCRemoteSwiftPackageReference section */

/* Begin XCSwiftPackageProductDependency section */
		EF7E4D842D858770007CA0F0 /* Kingfisher */ = {
			isa = XCSwiftPackageProductDependency;
			package = EF7E4D832D858770007CA0F0 /* XCRemoteSwiftPackageReference "Kingfisher" */;
			productName = Kingfisher;
		};
		EFA0F58F2D78644000C71E79 /* FirebaseAnalytics */ = {
			isa = XCSwiftPackageProductDependency;
			package = EFA0F58E2D78644000C71E79 /* XCRemoteSwiftPackageReference "firebase-ios-sdk" */;
			productName = FirebaseAnalytics;
		};
		EFA0F5912D78644000C71E79 /* FirebaseAuth */ = {
			isa = XCSwiftPackageProductDependency;
			package = EFA0F58E2D78644000C71E79 /* XCRemoteSwiftPackageReference "firebase-ios-sdk" */;
			productName = FirebaseAuth;
		};
		EFA0F5932D78644000C71E79 /* FirebaseCore */ = {
			isa = XCSwiftPackageProductDependency;
			package = EFA0F58E2D78644000C71E79 /* XCRemoteSwiftPackageReference "firebase-ios-sdk" */;
			productName = FirebaseCore;
		};
		EFA0F5952D78644000C71E79 /* FirebaseFirestore */ = {
			isa = XCSwiftPackageProductDependency;
			package = EFA0F58E2D78644000C71E79 /* XCRemoteSwiftPackageReference "firebase-ios-sdk" */;
			productName = FirebaseFirestore;
		};
		EFA0F5972D78644000C71E79 /* FirebaseRemoteConfig */ = {
			isa = XCSwiftPackageProductDependency;
			package = EFA0F58E2D78644000C71E79 /* XCRemoteSwiftPackageReference "firebase-ios-sdk" */;
			productName = FirebaseRemoteConfig;
		};
		EFA0F5992D78644000C71E79 /* FirebaseStorage */ = {
			isa = XCSwiftPackageProductDependency;
			package = EFA0F58E2D78644000C71E79 /* XCRemoteSwiftPackageReference "firebase-ios-sdk" */;
			productName = FirebaseStorage;
		};
/* End XCSwiftPackageProductDependency section */
	};
	rootObject = EFD12FB72D785F4800DD25BC /* Project object */;
}
